
Microsoft Visual Studio Solution File, Format Version 12.00
# Visual Studio 15
VisualStudioVersion = 15.0.26730.16
MinimumVisualStudioVersion = 10.0.40219.1
Project("{FAE04EC0-301F-11D3-BF4B-00C04F79EFBC}") = "GUI", "GUI\GUI.csproj", "{1C609439-72D8-4DCB-B185-955F01B4FA31}"
EndProject
Project("{FAE04EC0-301F-11D3-BF4B-00C04F79EFBC}") = "Model", "..\Model\Model.csproj", "{4CC2D03C-C25F-4A48-8B7E-23AA165E6928}"
EndProject
Global
	GlobalSection(SolutionConfigurationPlatforms) = preSolution
		Debug|Any CPU = Debug|Any CPU
		Release|Any CPU = Release|Any CPU
	EndGlobalSection
	GlobalSection(ProjectConfigurationPlatforms) = postSolution
		{1C609439-72D8-4DCB-B185-955F01B4FA31}.Debug|Any CPU.ActiveCfg = Debug|Any CPU
		{1C609439-72D8-4DCB-B185-955F01B4FA31}.Debug|Any CPU.Build.0 = Debug|Any CPU
		{1C609439-72D8-4DCB-B185-955F01B4FA31}.Release|Any CPU.ActiveCfg = Release|Any CPU
		{1C609439-72D8-4DCB-B185-955F01B4FA31}.Release|Any CPU.Build.0 = Release|Any CPU
		{4CC2D03C-C25F-4A48-8B7E-23AA165E6928}.Debug|Any CPU.ActiveCfg = Debug|Any CPU
		{4CC2D03C-C25F-4A48-8B7E-23AA165E6928}.Debug|Any CPU.Build.0 = Debug|Any CPU
		{4CC2D03C-C25F-4A48-8B7E-23AA165E6928}.Release|Any CPU.ActiveCfg = Release|Any CPU
		{4CC2D03C-C25F-4A48-8B7E-23AA165E6928}.Release|Any CPU.Build.0 = Release|Any CPU
	EndGlobalSection
	GlobalSection(SolutionProperties) = preSolution
		HideSolutionNode = FALSE
	EndGlobalSection
	GlobalSection(ExtensibilityGlobals) = postSolution
		SolutionGuid = {E19BBC6A-42B3-4834-8E01-4BFEBBFD9792}
	EndGlobalSection
EndGlobal
